
Microsoft Visual Studio Solution File, Format Version 12.00
# Visual Studio 15
VisualStudioVersion = 15.0.28010.2046
MinimumVisualStudioVersion = 10.0.40219.1
Project("{9A19103F-16F7-4668-BE54-9A1E7A4F7556}") = "03. Extract File", "03. Extract File\03. Extract File.csproj", "{957CE76D-7D70-4BBA-9699-944F5FFAFFA4}"
EndProject
Project("{9A19103F-16F7-4668-BE54-9A1E7A4F7556}") = "05. Multiply Big Number", "05. Multiply Big Number\05. Multiply Big Number.csproj", "{798E527E-1E44-4B39-A57E-BD2035196AB8}"
EndProject
Project("{9A19103F-16F7-4668-BE54-9A1E7A4F7556}") = "07. String Explosion", "07. String Explosion\07. String Explosion.csproj", "{05D4FD4E-72C9-4DEF-83AD-476CEA4A8F22}"
EndProject
Project("{9A19103F-16F7-4668-BE54-9A1E7A4F7556}") = "02. Character Multiplier", "02. Character Multiplier\02. Character Multiplier.csproj", "{5A774B92-F0CF-4D07-AB37-F2B520901E68}"
EndProject
Project("{9A19103F-16F7-4668-BE54-9A1E7A4F7556}") = "04. Caesar Cipher", "04. Caesar Cipher\04. Caesar Cipher.csproj", "{38076D1F-C5BE-44A3-8629-3F39C7312E70}"
EndProject
Project("{9A19103F-16F7-4668-BE54-9A1E7A4F7556}") = "06. Replace Repeating Chars", "06. Replace Repeating Chars\06. Replace Repeating Chars.csproj", "{88724E5C-A8B2-4C54-94AF-040569ED4B22}"
EndProject
Project("{9A19103F-16F7-4668-BE54-9A1E7A4F7556}") = "10. Winning Ticket", "10. Winning Ticket\10. Winning Ticket.csproj", "{C9942EBA-37C9-4404-8D98-F1C8F0A47536}"
EndProject
Project("{FAE04EC0-301F-11D3-BF4B-00C04F79EFBC}") = "09. Rage Quit", "09. Rage Quit\09. Rage Quit.csproj", "{772F1EE6-8564-4697-981F-98DC0C7A7C28}"
EndProject
Project("{9A19103F-16F7-4668-BE54-9A1E7A4F7556}") = "08. Letters Change Numbers", "08. Letters Change Numbers\08. Letters Change Numbers.csproj", "{4AC4587C-0ECB-49C9-AF75-6B86A3ACA236}"
EndProject
Project("{FAE04EC0-301F-11D3-BF4B-00C04F79EFBC}") = "01. Valid Usernames", "01. Valid Usernames\01. Valid Usernames.csproj", "{1E7881A3-6834-44ED-9168-0314E8CB1718}"
EndProject
Global
	GlobalSection(SolutionConfigurationPlatforms) = preSolution
		Debug|Any CPU = Debug|Any CPU
		Release|Any CPU = Release|Any CPU
	EndGlobalSection
	GlobalSection(ProjectConfigurationPlatforms) = postSolution
		{957CE76D-7D70-4BBA-9699-944F5FFAFFA4}.Debug|Any CPU.ActiveCfg = Debug|Any CPU
		{957CE76D-7D70-4BBA-9699-944F5FFAFFA4}.Debug|Any CPU.Build.0 = Debug|Any CPU
		{957CE76D-7D70-4BBA-9699-944F5FFAFFA4}.Release|Any CPU.ActiveCfg = Release|Any CPU
		{957CE76D-7D70-4BBA-9699-944F5FFAFFA4}.Release|Any CPU.Build.0 = Release|Any CPU
		{798E527E-1E44-4B39-A57E-BD2035196AB8}.Debug|Any CPU.ActiveCfg = Debug|Any CPU
		{798E527E-1E44-4B39-A57E-BD2035196AB8}.Debug|Any CPU.Build.0 = Debug|Any CPU
		{798E527E-1E44-4B39-A57E-BD2035196AB8}.Release|Any CPU.ActiveCfg = Release|Any CPU
		{798E527E-1E44-4B39-A57E-BD2035196AB8}.Release|Any CPU.Build.0 = Release|Any CPU
		{05D4FD4E-72C9-4DEF-83AD-476CEA4A8F22}.Debug|Any CPU.ActiveCfg = Debug|Any CPU
		{05D4FD4E-72C9-4DEF-83AD-476CEA4A8F22}.Debug|Any CPU.Build.0 = Debug|Any CPU
		{05D4FD4E-72C9-4DEF-83AD-476CEA4A8F22}.Release|Any CPU.ActiveCfg = Release|Any CPU
		{05D4FD4E-72C9-4DEF-83AD-476CEA4A8F22}.Release|Any CPU.Build.0 = Release|Any CPU
		{5A774B92-F0CF-4D07-AB37-F2B520901E68}.Debug|Any CPU.ActiveCfg = Debug|Any CPU
		{5A774B92-F0CF-4D07-AB37-F2B520901E68}.Debug|Any CPU.Build.0 = Debug|Any CPU
		{5A774B92-F0CF-4D07-AB37-F2B520901E68}.Release|Any CPU.ActiveCfg = Release|Any CPU
		{5A774B92-F0CF-4D07-AB37-F2B520901E68}.Release|Any CPU.Build.0 = Release|Any CPU
		{38076D1F-C5BE-44A3-8629-3F39C7312E70}.Debug|Any CPU.ActiveCfg = Debug|Any CPU
		{38076D1F-C5BE-44A3-8629-3F39C7312E70}.Debug|Any CPU.Build.0 = Debug|Any CPU
		{38076D1F-C5BE-44A3-8629-3F39C7312E70}.Release|Any CPU.ActiveCfg = Release|Any CPU
		{38076D1F-C5BE-44A3-8629-3F39C7312E70}.Release|Any CPU.Build.0 = Release|Any CPU
		{88724E5C-A8B2-4C54-94AF-040569ED4B22}.Debug|Any CPU.ActiveCfg = Debug|Any CPU
		{88724E5C-A8B2-4C54-94AF-040569ED4B22}.Debug|Any CPU.Build.0 = Debug|Any CPU
		{88724E5C-A8B2-4C54-94AF-040569ED4B22}.Release|Any CPU.ActiveCfg = Release|Any CPU
		{88724E5C-A8B2-4C54-94AF-040569ED4B22}.Release|Any CPU.Build.0 = Release|Any CPU
		{C9942EBA-37C9-4404-8D98-F1C8F0A47536}.Debug|Any CPU.ActiveCfg = Debug|Any CPU
		{C9942EBA-37C9-4404-8D98-F1C8F0A47536}.Debug|Any CPU.Build.0 = Debug|Any CPU
		{C9942EBA-37C9-4404-8D98-F1C8F0A47536}.Release|Any CPU.ActiveCfg = Release|Any CPU
		{C9942EBA-37C9-4404-8D98-F1C8F0A47536}.Release|Any CPU.Build.0 = Release|Any CPU
		{772F1EE6-8564-4697-981F-98DC0C7A7C28}.Debug|Any CPU.ActiveCfg = Debug|Any CPU
		{772F1EE6-8564-4697-981F-98DC0C7A7C28}.Debug|Any CPU.Build.0 = Debug|Any CPU
		{772F1EE6-8564-4697-981F-98DC0C7A7C28}.Release|Any CPU.ActiveCfg = Release|Any CPU
		{772F1EE6-8564-4697-981F-98DC0C7A7C28}.Release|Any CPU.Build.0 = Release|Any CPU
		{4AC4587C-0ECB-49C9-AF75-6B86A3ACA236}.Debug|Any CPU.ActiveCfg = Debug|Any CPU
		{4AC4587C-0ECB-49C9-AF75-6B86A3ACA236}.Debug|Any CPU.Build.0 = Debug|Any CPU
		{4AC4587C-0ECB-49C9-AF75-6B86A3ACA236}.Release|Any CPU.ActiveCfg = Release|Any CPU
		{4AC4587C-0ECB-49C9-AF75-6B86A3ACA236}.Release|Any CPU.Build.0 = Release|Any CPU
		{1E7881A3-6834-44ED-9168-0314E8CB1718}.Debug|Any CPU.ActiveCfg = Debug|Any CPU
		{1E7881A3-6834-44ED-9168-0314E8CB1718}.Debug|Any CPU.Build.0 = Debug|Any CPU
		{1E7881A3-6834-44ED-9168-0314E8CB1718}.Release|Any CPU.ActiveCfg = Release|Any CPU
		{1E7881A3-6834-44ED-9168-0314E8CB1718}.Release|Any CPU.Build.0 = Release|Any CPU
	EndGlobalSection
	GlobalSection(SolutionProperties) = preSolution
		HideSolutionNode = FALSE
	EndGlobalSection
	GlobalSection(ExtensibilityGlobals) = postSolution
		SolutionGuid = {BF6812AB-C629-49B1-9A87-75AEDD269A18}
	EndGlobalSection
EndGlobal
