
Microsoft Visual Studio Solution File, Format Version 12.00
# Visual Studio 15
VisualStudioVersion = 15.0.28307.271
MinimumVisualStudioVersion = 10.0.40219.1
Project("{FAE04EC0-301F-11D3-BF4B-00C04F79EFBC}") = "01. Reverse Strings", "01. Reverse Strings\01. Reverse Strings.csproj", "{9D7571C2-E58F-42E9-B2CE-F404E5E6B7AF}"
EndProject
Project("{FAE04EC0-301F-11D3-BF4B-00C04F79EFBC}") = "02. Repeat Strings", "02. Repeat Strings\02. Repeat Strings.csproj", "{DC45C8EF-0CB9-420C-97EB-6A000EB5F773}"
EndProject
Project("{FAE04EC0-301F-11D3-BF4B-00C04F79EFBC}") = "03. Substring", "03. Substring\03. Substring.csproj", "{34A0C401-282F-4FE1-B1D7-04FF7B0D2E55}"
EndProject
Project("{FAE04EC0-301F-11D3-BF4B-00C04F79EFBC}") = "04. Text Filter", "04. Text Filter\04. Text Filter.csproj", "{07E9BEE8-D23A-4BAA-9D8B-122DC70EC7AF}"
EndProject
Project("{FAE04EC0-301F-11D3-BF4B-00C04F79EFBC}") = "05. Digits, Letters and Other", "05. Digits, Letters and Other\05. Digits, Letters and Other.csproj", "{478BA391-A26A-4A40-86CA-A4E5498980BC}"
EndProject
Global
	GlobalSection(SolutionConfigurationPlatforms) = preSolution
		Debug|Any CPU = Debug|Any CPU
		Release|Any CPU = Release|Any CPU
	EndGlobalSection
	GlobalSection(ProjectConfigurationPlatforms) = postSolution
		{9D7571C2-E58F-42E9-B2CE-F404E5E6B7AF}.Debug|Any CPU.ActiveCfg = Debug|Any CPU
		{9D7571C2-E58F-42E9-B2CE-F404E5E6B7AF}.Debug|Any CPU.Build.0 = Debug|Any CPU
		{9D7571C2-E58F-42E9-B2CE-F404E5E6B7AF}.Release|Any CPU.ActiveCfg = Release|Any CPU
		{9D7571C2-E58F-42E9-B2CE-F404E5E6B7AF}.Release|Any CPU.Build.0 = Release|Any CPU
		{DC45C8EF-0CB9-420C-97EB-6A000EB5F773}.Debug|Any CPU.ActiveCfg = Debug|Any CPU
		{DC45C8EF-0CB9-420C-97EB-6A000EB5F773}.Debug|Any CPU.Build.0 = Debug|Any CPU
		{DC45C8EF-0CB9-420C-97EB-6A000EB5F773}.Release|Any CPU.ActiveCfg = Release|Any CPU
		{DC45C8EF-0CB9-420C-97EB-6A000EB5F773}.Release|Any CPU.Build.0 = Release|Any CPU
		{34A0C401-282F-4FE1-B1D7-04FF7B0D2E55}.Debug|Any CPU.ActiveCfg = Debug|Any CPU
		{34A0C401-282F-4FE1-B1D7-04FF7B0D2E55}.Debug|Any CPU.Build.0 = Debug|Any CPU
		{34A0C401-282F-4FE1-B1D7-04FF7B0D2E55}.Release|Any CPU.ActiveCfg = Release|Any CPU
		{34A0C401-282F-4FE1-B1D7-04FF7B0D2E55}.Release|Any CPU.Build.0 = Release|Any CPU
		{07E9BEE8-D23A-4BAA-9D8B-122DC70EC7AF}.Debug|Any CPU.ActiveCfg = Debug|Any CPU
		{07E9BEE8-D23A-4BAA-9D8B-122DC70EC7AF}.Debug|Any CPU.Build.0 = Debug|Any CPU
		{07E9BEE8-D23A-4BAA-9D8B-122DC70EC7AF}.Release|Any CPU.ActiveCfg = Release|Any CPU
		{07E9BEE8-D23A-4BAA-9D8B-122DC70EC7AF}.Release|Any CPU.Build.0 = Release|Any CPU
		{478BA391-A26A-4A40-86CA-A4E5498980BC}.Debug|Any CPU.ActiveCfg = Debug|Any CPU
		{478BA391-A26A-4A40-86CA-A4E5498980BC}.Debug|Any CPU.Build.0 = Debug|Any CPU
		{478BA391-A26A-4A40-86CA-A4E5498980BC}.Release|Any CPU.ActiveCfg = Release|Any CPU
		{478BA391-A26A-4A40-86CA-A4E5498980BC}.Release|Any CPU.Build.0 = Release|Any CPU
	EndGlobalSection
	GlobalSection(SolutionProperties) = preSolution
		HideSolutionNode = FALSE
	EndGlobalSection
	GlobalSection(ExtensibilityGlobals) = postSolution
		SolutionGuid = {E9FDD311-B4EE-4DD2-8CDD-393836AD343B}
	EndGlobalSection
EndGlobal
